
Microsoft Visual Studio Solution File, Format Version 12.00
# Visual Studio 2012
Project("{E24C65DC-7377-472B-9ABA-BC803B73C61A}") = "Jenkins", "http://localhost:52584", "{C1F8F40B-7F97-49BC-9EF6-BDDB76F8BDF6}"
	ProjectSection(WebsiteProperties) = preProject
		UseIISExpress = "true"
		TargetFrameworkMoniker = ".NETFramework,Version%3Dv4.5"
		Debug.AspNetCompiler.VirtualPath = "/localhost_52584"
		Debug.AspNetCompiler.PhysicalPath = "..\..\WebSites\Jenkins\"
		Debug.AspNetCompiler.TargetPath = "PrecompiledWeb\localhost_52584\"
		Debug.AspNetCompiler.Updateable = "true"
		Debug.AspNetCompiler.ForceOverwrite = "true"
		Debug.AspNetCompiler.FixedNames = "false"
		Debug.AspNetCompiler.Debug = "True"
		Release.AspNetCompiler.VirtualPath = "/localhost_52584"
		Release.AspNetCompiler.PhysicalPath = "..\..\WebSites\Jenkins\"
		Release.AspNetCompiler.TargetPath = "PrecompiledWeb\localhost_52584\"
		Release.AspNetCompiler.Updateable = "true"
		Release.AspNetCompiler.ForceOverwrite = "true"
		Release.AspNetCompiler.FixedNames = "false"
		Release.AspNetCompiler.Debug = "False"
		SlnRelativePath = "..\..\WebSites\Jenkins\"
		DefaultWebSiteLanguage = "Visual C#"
	EndProjectSection
EndProject
Global
	GlobalSection(SolutionConfigurationPlatforms) = preSolution
		Debug|Any CPU = Debug|Any CPU
	EndGlobalSection
	GlobalSection(ProjectConfigurationPlatforms) = postSolution
		{C1F8F40B-7F97-49BC-9EF6-BDDB76F8BDF6}.Debug|Any CPU.ActiveCfg = Debug|Any CPU
		{C1F8F40B-7F97-49BC-9EF6-BDDB76F8BDF6}.Debug|Any CPU.Build.0 = Debug|Any CPU
	EndGlobalSection
	GlobalSection(SolutionProperties) = preSolution
		HideSolutionNode = FALSE
	EndGlobalSection
EndGlobal
